# THIS IS AN AUTOGENERATED FILE. DO NOT EDIT THIS FILE DIRECTLY.
# yarn lockfile v1


ical-generator@^7.1.0:
  version "7.1.0"
  resolved "https://registry.yarnpkg.com/ical-generator/-/ical-generator-7.1.0.tgz#42aa50922b4f2f59fed67da7766056c97a1cec14"
  integrity sha512-mv7wW35+YHbaFDQGgFPSnn+SOiN805UvQL8VaMye6F6AgTQCDlT8dc0XIndCHgp22KvOdJ0po795QHoPIAq+kA==
  dependencies:
    uuid-random "^1.3.2"

uuid-random@^1.3.2:
  version "1.3.2"
  resolved "https://registry.yarnpkg.com/uuid-random/-/uuid-random-1.3.2.tgz#96715edbaef4e84b1dcf5024b00d16f30220e2d0"
  integrity sha512-UOzej0Le/UgkbWEO8flm+0y+G+ljUon1QWTEZOq1rnMAsxo2+SckbiZdKzAHHlVh6gJqI1TjC/xwgR50MuCrBQ==
